
Microsoft Visual Studio Solution File, Format Version 12.00
# Visual Studio 15
VisualStudioVersion = 15.0.27130.2024
MinimumVisualStudioVersion = 10.0.40219.1
Project("{2150E333-8FDC-42A3-9474-1A3956D46DE8}") = ".nuget", ".nuget", "{4F9E338C-45F7-40EF-A7D2-793F392263ED}"
	ProjectSection(SolutionItems) = preProject
		.nuget\NuGet.Config = .nuget\NuGet.Config
		.nuget\NuGet.exe = .nuget\NuGet.exe
		.nuget\NuGet.targets = .nuget\NuGet.targets
	EndProjectSection
EndProject
Project("{FAE04EC0-301F-11D3-BF4B-00C04F79EFBC}") = "Checkout.ApiClient.Net45", "Checkout.ApiClient.Net45\Checkout.ApiClient.Net45.csproj", "{1C69B996-8AB6-4BA2-A5AE-58A350CBB34B}"
EndProject
Project("{FAE04EC0-301F-11D3-BF4B-00C04F79EFBC}") = "Checkout.ApiClient.Net45.Tests", "Checkout.ApiClient.Tests\Checkout.ApiClient.Net45.Tests.csproj", "{EC891A3C-20BF-4AB7-9B39-6C4120F99EB2}"
EndProject
Project("{9A19103F-16F7-4668-BE54-9A1E7A4F7556}") = "Checkout.ApiClient.NetCore", "Checkout.ApiClient.NetCore\Checkout.ApiClient.NetCore.csproj", "{1315C31B-288A-468E-A6C3-1B8DF596EA8F}"
EndProject
Project("{D954291E-2A0B-460D-934E-DC6B0785DB48}") = "Checkout.ApiClient.Shared", "Checkout.ApiClient.Shared\Checkout.ApiClient.Shared.shproj", "{5A5A1659-325C-44FA-84B8-625D92780D50}"
EndProject
Global
	GlobalSection(SharedMSBuildProjectFiles) = preSolution
		Checkout.ApiClient.Shared\Checkout.ApiClient.Shared.projitems*{1c69b996-8ab6-4ba2-a5ae-58a350cbb34b}*SharedItemsImports = 4
		Checkout.ApiClient.Shared\Checkout.ApiClient.Shared.projitems*{5a5a1659-325c-44fa-84b8-625d92780d50}*SharedItemsImports = 13
	EndGlobalSection
	GlobalSection(SolutionConfigurationPlatforms) = preSolution
		Debug|Any CPU = Debug|Any CPU
		Release|Any CPU = Release|Any CPU
	EndGlobalSection
	GlobalSection(ProjectConfigurationPlatforms) = postSolution
		{1C69B996-8AB6-4BA2-A5AE-58A350CBB34B}.Debug|Any CPU.ActiveCfg = Debug|Any CPU
		{1C69B996-8AB6-4BA2-A5AE-58A350CBB34B}.Debug|Any CPU.Build.0 = Debug|Any CPU
		{1C69B996-8AB6-4BA2-A5AE-58A350CBB34B}.Release|Any CPU.ActiveCfg = Release|Any CPU
		{1C69B996-8AB6-4BA2-A5AE-58A350CBB34B}.Release|Any CPU.Build.0 = Release|Any CPU
		{EC891A3C-20BF-4AB7-9B39-6C4120F99EB2}.Debug|Any CPU.ActiveCfg = Debug|Any CPU
		{EC891A3C-20BF-4AB7-9B39-6C4120F99EB2}.Debug|Any CPU.Build.0 = Debug|Any CPU
		{EC891A3C-20BF-4AB7-9B39-6C4120F99EB2}.Release|Any CPU.ActiveCfg = Release|Any CPU
		{EC891A3C-20BF-4AB7-9B39-6C4120F99EB2}.Release|Any CPU.Build.0 = Release|Any CPU
		{1315C31B-288A-468E-A6C3-1B8DF596EA8F}.Debug|Any CPU.ActiveCfg = Debug|Any CPU
		{1315C31B-288A-468E-A6C3-1B8DF596EA8F}.Debug|Any CPU.Build.0 = Debug|Any CPU
		{1315C31B-288A-468E-A6C3-1B8DF596EA8F}.Release|Any CPU.ActiveCfg = Release|Any CPU
		{1315C31B-288A-468E-A6C3-1B8DF596EA8F}.Release|Any CPU.Build.0 = Release|Any CPU
	EndGlobalSection
	GlobalSection(SolutionProperties) = preSolution
		HideSolutionNode = FALSE
	EndGlobalSection
	GlobalSection(ExtensibilityGlobals) = postSolution
		SolutionGuid = {E9185128-B63F-4411-B5DC-382746262DAC}
	EndGlobalSection
EndGlobal
